{
  "name": "getdepot",
  "version": "1.0.0",
  "lockfileVersion": 3,
  "requires": true,
  "packages": {
    "": {
      "name": "getdepot",
      "version": "1.0.0",
      "license": "ISC",
      "dependencies": {
        "getdepot": "^0.2.0"
      }
    },
    "node_modules/getdepot": {
      "version": "0.2.0",
      "resolved": "https://registry.npmjs.org/getdepot/-/getdepot-0.2.0.tgz",
      "integrity": "sha512-7jUyqZSz7mISmLhcK4HgfeNnHo3AUaeclbC2rar5Gb1IsrAiP0Si3dcPh1B2Wu/SIhlsmMZh7UTuV8YGoTomSw==",
      "cpu": [
        "x64",
        "arm64"
      ],
      "hasInstallScript": true,
      "license": "MIT",
      "os": [
        "win32",
        "darwin",
        "linux"
      ],
      "bin": {
        "depot": "bin/depot.js"
      },
      "engines": {
        "node": ">=16"
      }
    }
  }
}
